{
  "nodes": {
    "cachyos-kernel": {
      "flake": false,
      "locked": {
        "lastModified": 1783566754,
        "narHash": "sha256-EyVTx67qTNB2utnXRUgOWnaZxV6c07XE2rVCq/qgWxI=",
        "owner": "CachyOS",
        "repo": "linux-cachyos",
        "rev": "4065d7e175fb182a2e30b982b0d8121c97c8d46b",
        "type": "github"
      },
      "original": {
        "owner": "CachyOS",
        "repo": "linux-cachyos",
        "type": "github"
      }
    },
    "cachyos-kernel-patches": {
      "flake": false,
      "locked": {
        "lastModified": 1783564544,
        "narHash": "sha256-oOgjJXRLkTDfOcgPQpHF7MwIBPOf1pHT77EC/YVfkm4=",
        "owner": "CachyOS",
        "repo": "kernel-patches",
        "rev": "c624c9c8cffc11dd619a7d37f903556c60d24e9c",
        "type": "github"
      },
      "original": {
        "owner": "CachyOS",
        "repo": "kernel-patches",
        "type": "github"
      }
    },
    "flake-compat": {
      "flake": false,
      "locked": {
        "lastModified": 1767039857,
        "narHash": "sha256-vNpUSpF5Nuw8xvDLj2KCwwksIbjua2LZCqhV1LNRDns=",
        "owner": "NixOS",
        "repo": "flake-compat",
        "rev": "5edf11c44bc78a0d334f6334cdaf7d60d732daab",
        "type": "github"
      },
      "original": {
        "owner": "NixOS",
        "repo": "flake-compat",
        "type": "github"
      }
    },
    "flake-parts": {
      "inputs": {
        "nixpkgs-lib": "nixpkgs-lib"
      },
      "locked": {
        "lastModified": 1782949081,
        "narHash": "sha256-vp6Y/Grm98ESt6ceOkWiHWyZRDV3J1RID4w+6NWK9yA=",
        "owner": "hercules-ci",
        "repo": "flake-parts",
        "rev": "17c9d6cdfc60c64f4ee8d306f9bc0b4ccb51481e",
        "type": "github"
      },
      "original": {
        "owner": "hercules-ci",
        "repo": "flake-parts",
        "type": "github"
      }
    },
    "home-manager": {
      "inputs": {
        "nixpkgs": [
          "nixpkgs"
        ]
      },
      "locked": {
        "lastModified": 1784690067,
        "narHash": "sha256-t86pRs7IPs3RTMPueWvvdcxyTFrctHAv2Jl7jnjsSf8=",
        "owner": "nix-community",
        "repo": "home-manager",
        "rev": "6d8d61567802997f9ec3086b2a837e3ef31fac16",
        "type": "github"
      },
      "original": {
        "owner": "nix-community",
        "repo": "home-manager",
        "type": "github"
      }
    },
    "millennium": {
      "inputs": {
        "millennium-src": "millennium-src",
        "nixpkgs": "nixpkgs"
      },
      "locked": {
        "dir": "packages/nix",
        "lastModified": 1784048235,
        "narHash": "sha256-ar1xg5HFbz6XJ/BAOo37ewfnMcsLHj0/088soIvXKIo=",
        "owner": "SteamClientHomebrew",
        "repo": "Millennium",
        "rev": "df5a3572fd2366b4aa689abd655ee48296ba1afd",
        "type": "github"
      },
      "original": {
        "dir": "packages/nix",
        "owner": "SteamClientHomebrew",
        "repo": "Millennium",
        "type": "github"
      }
    },
    "millennium-src": {
      "flake": false,
      "locked": {
        "lastModified": 1783268941,
        "narHash": "sha256-MJLJ0I48HXgfOpISTAbDMYMUdWj9A6M+jGQz4uAvwyw=",
        "owner": "SteamClientHomebrew",
        "repo": "Millennium",
        "rev": "f37f05bdbd4727d873a1ad83ce72d062ef9a0c48",
        "type": "github"
      },
      "original": {
        "owner": "SteamClientHomebrew",
        "repo": "Millennium",
        "rev": "f37f05bdbd4727d873a1ad83ce72d062ef9a0c48",
        "type": "github"
      }
    },
    "nix-cachyos-kernel": {
      "inputs": {
        "cachyos-kernel": "cachyos-kernel",
        "cachyos-kernel-patches": "cachyos-kernel-patches",
        "flake-compat": "flake-compat",
        "flake-parts": "flake-parts",
        "nixpkgs": "nixpkgs_2"
      },
      "locked": {
        "lastModified": 1783794640,
        "narHash": "sha256-SgzzS5GtMFv323ritWP8A3rwhjphB7AYTfHLNSXGX3c=",
        "owner": "xddxdd",
        "repo": "nix-cachyos-kernel",
        "rev": "6472f543b68e0b874603ad944419747815cfeb7a",
        "type": "github"
      },
      "original": {
        "owner": "xddxdd",
        "ref": "release",
        "repo": "nix-cachyos-kernel",
        "type": "github"
      }
    },
    "nixpkgs": {
      "locked": {
        "lastModified": 1781577229,
        "narHash": "sha256-lrp67w8AulE9Ks53n27I45ADSzbOCn4H+CNW1Ck8B+8=",
        "owner": "nixos",
        "repo": "nixpkgs",
        "rev": "567a49d1913ce81ac6e9582e3553dd90a955875f",
        "type": "github"
      },
      "original": {
        "owner": "nixos",
        "repo": "nixpkgs",
        "rev": "567a49d1913ce81ac6e9582e3553dd90a955875f",
        "type": "github"
      }
    },
    "nixpkgs-lib": {
      "locked": {
        "lastModified": 1782614948,
        "narHash": "sha256-ePjCwr1sNm9NYUqywL7QfK3JnlS015msC+eBu2zKlp8=",
        "owner": "nix-community",
        "repo": "nixpkgs.lib",
        "rev": "db3f255737b94216eb71cce308e2912cf6bc2d7c",
        "type": "github"
      },
      "original": {
        "owner": "nix-community",
        "repo": "nixpkgs.lib",
        "type": "github"
      }
    },
    "nixpkgs_2": {
      "locked": {
        "lastModified": 1783760736,
        "narHash": "sha256-PEXS6z/zIvH+O7J3Ua3N2OUE7IvMhhghwtKxZhVfm5U=",
        "owner": "NixOS",
        "repo": "nixpkgs",
        "rev": "bbb4df715cb62e53cd329090c2b69eb07f2bddac",
        "type": "github"
      },
      "original": {
        "owner": "NixOS",
        "ref": "nixos-unstable-small",
        "repo": "nixpkgs",
        "type": "github"
      }
    },
    "nixpkgs_3": {
      "locked": {
        "lastModified": 1784497964,
        "narHash": "sha256-vlHUuqAcbcH2RKmHbPiuQzbv1pnzzavXnI62RD0bqCU=",
        "owner": "NixOS",
        "repo": "nixpkgs",
        "rev": "241313f4e8e508cb9b13278c2b0fa25b9ca27163",
        "type": "github"
      },
      "original": {
        "owner": "NixOS",
        "ref": "nixos-unstable",
        "repo": "nixpkgs",
        "type": "github"
      }
    },
    "noctalia": {
      "inputs": {
        "nixpkgs": [
          "nixpkgs"
        ]
      },
      "locked": {
        "lastModified": 1784691933,
        "narHash": "sha256-6ohQb6exTB7cxp+GniiJblg0A9U5Hz/Wyn08jmKeRU4=",
        "owner": "noctalia-dev",
        "repo": "noctalia",
        "rev": "d7a3e74636712eb8c2be974dc6d7f9555f704e17",
        "type": "github"
      },
      "original": {
        "owner": "noctalia-dev",
        "repo": "noctalia",
        "type": "github"
      }
    },
    "noctalia-greeter": {
      "inputs": {
        "nixpkgs": [
          "nixpkgs"
        ]
      },
      "locked": {
        "lastModified": 1784688513,
        "narHash": "sha256-kL4X5mGhcPjgsqmDdV86CJ9j1X7J/7GqeAwzykiL3zo=",
        "owner": "noctalia-dev",
        "repo": "noctalia-greeter",
        "rev": "c0a8f5389c1d942036eec939aba0d1f84ca4a43b",
        "type": "github"
      },
      "original": {
        "owner": "noctalia-dev",
        "repo": "noctalia-greeter",
        "type": "github"
      }
    },
    "root": {
      "inputs": {
        "home-manager": "home-manager",
        "millennium": "millennium",
        "nix-cachyos-kernel": "nix-cachyos-kernel",
        "nixpkgs": "nixpkgs_3",
        "noctalia": "noctalia",
        "noctalia-greeter": "noctalia-greeter",
        "zen-browser": "zen-browser"
      }
    },
    "zen-browser": {
      "inputs": {
        "nixpkgs": [
          "nixpkgs"
        ]
      },
      "locked": {
        "lastModified": 1784354557,
        "narHash": "sha256-z2XthIV/68GNghbqmaPVrShPIfMPwpZKTA47REKC5bA=",
        "owner": "youwen5",
        "repo": "zen-browser-flake",
        "rev": "239dc504b56eabcfc1dce945e7e22ca99694be89",
        "type": "github"
      },
      "original": {
        "owner": "youwen5",
        "repo": "zen-browser-flake",
        "type": "github"
      }
    }
  },
  "root": "root",
  "version": 7
}
